
Microsoft Visual Studio Solution File, Format Version 12.00
# Visual Studio Version 16
VisualStudioVersion = 16.0.29503.13
MinimumVisualStudioVersion = 10.0.40219.1
Project("{FAE04EC0-301F-11D3-BF4B-00C04F79EFBC}") = "App3.Android", "App3\App3.Android\App3.Android.csproj", "{07CBD99A-A580-4F91-BF25-3509DAD4D463}"
EndProject
Project("{FAE04EC0-301F-11D3-BF4B-00C04F79EFBC}") = "App3.iOS", "App3\App3.iOS\App3.iOS.csproj", "{05F20E19-D344-4C84-B77E-1EBE2D598B99}"
EndProject
Project("{9A19103F-16F7-4668-BE54-9A1E7A4F7556}") = "App3", "App3\App3\App3.csproj", "{AA11CA83-FED2-42B7-B098-5F91C11FCC5C}"
EndProject
Global
	GlobalSection(SolutionConfigurationPlatforms) = preSolution
		Ad-Hoc|Any CPU = Ad-Hoc|Any CPU
		Ad-Hoc|iPhone = Ad-Hoc|iPhone
		Ad-Hoc|iPhoneSimulator = Ad-Hoc|iPhoneSimulator
		AppStore|Any CPU = AppStore|Any CPU
		AppStore|iPhone = AppStore|iPhone
		AppStore|iPhoneSimulator = AppStore|iPhoneSimulator
		Debug|Any CPU = Debug|Any CPU
		Debug|iPhone = Debug|iPhone
		Debug|iPhoneSimulator = Debug|iPhoneSimulator
		Release|Any CPU = Release|Any CPU
		Release|iPhone = Release|iPhone
		Release|iPhoneSimulator = Release|iPhoneSimulator
	EndGlobalSection
	GlobalSection(ProjectConfigurationPlatforms) = postSolution
		{07CBD99A-A580-4F91-BF25-3509DAD4D463}.Ad-Hoc|Any CPU.ActiveCfg = Release|Any CPU
		{07CBD99A-A580-4F91-BF25-3509DAD4D463}.Ad-Hoc|Any CPU.Build.0 = Release|Any CPU
		{07CBD99A-A580-4F91-BF25-3509DAD4D463}.Ad-Hoc|Any CPU.Deploy.0 = Release|Any CPU
		{07CBD99A-A580-4F91-BF25-3509DAD4D463}.Ad-Hoc|iPhone.ActiveCfg = Release|Any CPU
		{07CBD99A-A580-4F91-BF25-3509DAD4D463}.Ad-Hoc|iPhone.Build.0 = Release|Any CPU
		{07CBD99A-A580-4F91-BF25-3509DAD4D463}.Ad-Hoc|iPhone.Deploy.0 = Release|Any CPU
		{07CBD99A-A580-4F91-BF25-3509DAD4D463}.Ad-Hoc|iPhoneSimulator.ActiveCfg = Release|Any CPU
		{07CBD99A-A580-4F91-BF25-3509DAD4D463}.Ad-Hoc|iPhoneSimulator.Build.0 = Release|Any CPU
		{07CBD99A-A580-4F91-BF25-3509DAD4D463}.Ad-Hoc|iPhoneSimulator.Deploy.0 = Release|Any CPU
		{07CBD99A-A580-4F91-BF25-3509DAD4D463}.AppStore|Any CPU.ActiveCfg = Release|Any CPU
		{07CBD99A-A580-4F91-BF25-3509DAD4D463}.AppStore|Any CPU.Build.0 = Release|Any CPU
		{07CBD99A-A580-4F91-BF25-3509DAD4D463}.AppStore|Any CPU.Deploy.0 = Release|Any CPU
		{07CBD99A-A580-4F91-BF25-3509DAD4D463}.AppStore|iPhone.ActiveCfg = Release|Any CPU
		{07CBD99A-A580-4F91-BF25-3509DAD4D463}.AppStore|iPhone.Build.0 = Release|Any CPU
		{07CBD99A-A580-4F91-BF25-3509DAD4D463}.AppStore|iPhone.Deploy.0 = Release|Any CPU
		{07CBD99A-A580-4F91-BF25-3509DAD4D463}.AppStore|iPhoneSimulator.ActiveCfg = Release|Any CPU
		{07CBD99A-A580-4F91-BF25-3509DAD4D463}.AppStore|iPhoneSimulator.Build.0 = Release|Any CPU
		{07CBD99A-A580-4F91-BF25-3509DAD4D463}.AppStore|iPhoneSimulator.Deploy.0 = Release|Any CPU
		{07CBD99A-A580-4F91-BF25-3509DAD4D463}.Debug|Any CPU.ActiveCfg = Debug|Any CPU
		{07CBD99A-A580-4F91-BF25-3509DAD4D463}.Debug|Any CPU.Build.0 = Debug|Any CPU
		{07CBD99A-A580-4F91-BF25-3509DAD4D463}.Debug|Any CPU.Deploy.0 = Debug|Any CPU
		{07CBD99A-A580-4F91-BF25-3509DAD4D463}.Debug|iPhone.ActiveCfg = Debug|Any CPU
		{07CBD99A-A580-4F91-BF25-3509DAD4D463}.Debug|iPhone.Build.0 = Debug|Any CPU
		{07CBD99A-A580-4F91-BF25-3509DAD4D463}.Debug|iPhone.Deploy.0 = Debug|Any CPU
		{07CBD99A-A580-4F91-BF25-3509DAD4D463}.Debug|iPhoneSimulator.ActiveCfg = Debug|Any CPU
		{07CBD99A-A580-4F91-BF25-3509DAD4D463}.Debug|iPhoneSimulator.Build.0 = Debug|Any CPU
		{07CBD99A-A580-4F91-BF25-3509DAD4D463}.Debug|iPhoneSimulator.Deploy.0 = Debug|Any CPU
		{07CBD99A-A580-4F91-BF25-3509DAD4D463}.Release|Any CPU.ActiveCfg = Release|Any CPU
		{07CBD99A-A580-4F91-BF25-3509DAD4D463}.Release|Any CPU.Build.0 = Release|Any CPU
		{07CBD99A-A580-4F91-BF25-3509DAD4D463}.Release|Any CPU.Deploy.0 = Release|Any CPU
		{07CBD99A-A580-4F91-BF25-3509DAD4D463}.Release|iPhone.ActiveCfg = Release|Any CPU
		{07CBD99A-A580-4F91-BF25-3509DAD4D463}.Release|iPhone.Build.0 = Release|Any CPU
		{07CBD99A-A580-4F91-BF25-3509DAD4D463}.Release|iPhone.Deploy.0 = Release|Any CPU
		{07CBD99A-A580-4F91-BF25-3509DAD4D463}.Release|iPhoneSimulator.ActiveCfg = Release|Any CPU
		{07CBD99A-A580-4F91-BF25-3509DAD4D463}.Release|iPhoneSimulator.Build.0 = Release|Any CPU
		{07CBD99A-A580-4F91-BF25-3509DAD4D463}.Release|iPhoneSimulator.Deploy.0 = Release|Any CPU
		{05F20E19-D344-4C84-B77E-1EBE2D598B99}.Ad-Hoc|Any CPU.ActiveCfg = Ad-Hoc|iPhone
		{05F20E19-D344-4C84-B77E-1EBE2D598B99}.Ad-Hoc|Any CPU.Build.0 = Ad-Hoc|iPhone
		{05F20E19-D344-4C84-B77E-1EBE2D598B99}.Ad-Hoc|Any CPU.Deploy.0 = Ad-Hoc|iPhone
		{05F20E19-D344-4C84-B77E-1EBE2D598B99}.Ad-Hoc|iPhone.ActiveCfg = Ad-Hoc|iPhone
		{05F20E19-D344-4C84-B77E-1EBE2D598B99}.Ad-Hoc|iPhone.Build.0 = Ad-Hoc|iPhone
		{05F20E19-D344-4C84-B77E-1EBE2D598B99}.Ad-Hoc|iPhone.Deploy.0 = Ad-Hoc|iPhone
		{05F20E19-D344-4C84-B77E-1EBE2D598B99}.Ad-Hoc|iPhoneSimulator.ActiveCfg = Ad-Hoc|iPhoneSimulator
		{05F20E19-D344-4C84-B77E-1EBE2D598B99}.Ad-Hoc|iPhoneSimulator.Build.0 = Ad-Hoc|iPhoneSimulator
		{05F20E19-D344-4C84-B77E-1EBE2D598B99}.Ad-Hoc|iPhoneSimulator.Deploy.0 = Ad-Hoc|iPhoneSimulator
		{05F20E19-D344-4C84-B77E-1EBE2D598B99}.AppStore|Any CPU.ActiveCfg = AppStore|iPhone
		{05F20E19-D344-4C84-B77E-1EBE2D598B99}.AppStore|Any CPU.Build.0 = AppStore|iPhone
		{05F20E19-D344-4C84-B77E-1EBE2D598B99}.AppStore|Any CPU.Deploy.0 = AppStore|iPhone
		{05F20E19-D344-4C84-B77E-1EBE2D598B99}.AppStore|iPhone.ActiveCfg = AppStore|iPhone
		{05F20E19-D344-4C84-B77E-1EBE2D598B99}.AppStore|iPhone.Build.0 = AppStore|iPhone
		{05F20E19-D344-4C84-B77E-1EBE2D598B99}.AppStore|iPhone.Deploy.0 = AppStore|iPhone
		{05F20E19-D344-4C84-B77E-1EBE2D598B99}.AppStore|iPhoneSimulator.ActiveCfg = AppStore|iPhoneSimulator
		{05F20E19-D344-4C84-B77E-1EBE2D598B99}.AppStore|iPhoneSimulator.Build.0 = AppStore|iPhoneSimulator
		{05F20E19-D344-4C84-B77E-1EBE2D598B99}.AppStore|iPhoneSimulator.Deploy.0 = AppStore|iPhoneSimulator
		{05F20E19-D344-4C84-B77E-1EBE2D598B99}.Debug|Any CPU.ActiveCfg = Debug|iPhoneSimulator
		{05F20E19-D344-4C84-B77E-1EBE2D598B99}.Debug|Any CPU.Build.0 = Debug|iPhoneSimulator
		{05F20E19-D344-4C84-B77E-1EBE2D598B99}.Debug|Any CPU.Deploy.0 = Debug|iPhoneSimulator
		{05F20E19-D344-4C84-B77E-1EBE2D598B99}.Debug|iPhone.ActiveCfg = Debug|iPhone
		{05F20E19-D344-4C84-B77E-1EBE2D598B99}.Debug|iPhone.Build.0 = Debug|iPhone
		{05F20E19-D344-4C84-B77E-1EBE2D598B99}.Debug|iPhone.Deploy.0 = Debug|iPhone
		{05F20E19-D344-4C84-B77E-1EBE2D598B99}.Debug|iPhoneSimulator.ActiveCfg = Debug|iPhoneSimulator
		{05F20E19-D344-4C84-B77E-1EBE2D598B99}.Debug|iPhoneSimulator.Build.0 = Debug|iPhoneSimulator
		{05F20E19-D344-4C84-B77E-1EBE2D598B99}.Debug|iPhoneSimulator.Deploy.0 = Debug|iPhoneSimulator
		{05F20E19-D344-4C84-B77E-1EBE2D598B99}.Release|Any CPU.ActiveCfg = Release|iPhone
		{05F20E19-D344-4C84-B77E-1EBE2D598B99}.Release|Any CPU.Build.0 = Release|iPhone
		{05F20E19-D344-4C84-B77E-1EBE2D598B99}.Release|Any CPU.Deploy.0 = Release|iPhone
		{05F20E19-D344-4C84-B77E-1EBE2D598B99}.Release|iPhone.ActiveCfg = Release|iPhone
		{05F20E19-D344-4C84-B77E-1EBE2D598B99}.Release|iPhone.Build.0 = Release|iPhone
		{05F20E19-D344-4C84-B77E-1EBE2D598B99}.Release|iPhone.Deploy.0 = Release|iPhone
		{05F20E19-D344-4C84-B77E-1EBE2D598B99}.Release|iPhoneSimulator.ActiveCfg = Release|iPhoneSimulator
		{05F20E19-D344-4C84-B77E-1EBE2D598B99}.Release|iPhoneSimulator.Build.0 = Release|iPhoneSimulator
		{05F20E19-D344-4C84-B77E-1EBE2D598B99}.Release|iPhoneSimulator.Deploy.0 = Release|iPhoneSimulator
		{AA11CA83-FED2-42B7-B098-5F91C11FCC5C}.Ad-Hoc|Any CPU.ActiveCfg = Debug|Any CPU
		{AA11CA83-FED2-42B7-B098-5F91C11FCC5C}.Ad-Hoc|Any CPU.Build.0 = Debug|Any CPU
		{AA11CA83-FED2-42B7-B098-5F91C11FCC5C}.Ad-Hoc|Any CPU.Deploy.0 = Debug|Any CPU
		{AA11CA83-FED2-42B7-B098-5F91C11FCC5C}.Ad-Hoc|iPhone.ActiveCfg = Debug|Any CPU
		{AA11CA83-FED2-42B7-B098-5F91C11FCC5C}.Ad-Hoc|iPhone.Build.0 = Debug|Any CPU
		{AA11CA83-FED2-42B7-B098-5F91C11FCC5C}.Ad-Hoc|iPhone.Deploy.0 = Debug|Any CPU
		{AA11CA83-FED2-42B7-B098-5F91C11FCC5C}.Ad-Hoc|iPhoneSimulator.ActiveCfg = Debug|Any CPU
		{AA11CA83-FED2-42B7-B098-5F91C11FCC5C}.Ad-Hoc|iPhoneSimulator.Build.0 = Debug|Any CPU
		{AA11CA83-FED2-42B7-B098-5F91C11FCC5C}.Ad-Hoc|iPhoneSimulator.Deploy.0 = Debug|Any CPU
		{AA11CA83-FED2-42B7-B098-5F91C11FCC5C}.AppStore|Any CPU.ActiveCfg = Debug|Any CPU
		{AA11CA83-FED2-42B7-B098-5F91C11FCC5C}.AppStore|Any CPU.Build.0 = Debug|Any CPU
		{AA11CA83-FED2-42B7-B098-5F91C11FCC5C}.AppStore|Any CPU.Deploy.0 = Debug|Any CPU
		{AA11CA83-FED2-42B7-B098-5F91C11FCC5C}.AppStore|iPhone.ActiveCfg = Debug|Any CPU
		{AA11CA83-FED2-42B7-B098-5F91C11FCC5C}.AppStore|iPhone.Build.0 = Debug|Any CPU
		{AA11CA83-FED2-42B7-B098-5F91C11FCC5C}.AppStore|iPhone.Deploy.0 = Debug|Any CPU
		{AA11CA83-FED2-42B7-B098-5F91C11FCC5C}.AppStore|iPhoneSimulator.ActiveCfg = Debug|Any CPU
		{AA11CA83-FED2-42B7-B098-5F91C11FCC5C}.AppStore|iPhoneSimulator.Build.0 = Debug|Any CPU
		{AA11CA83-FED2-42B7-B098-5F91C11FCC5C}.AppStore|iPhoneSimulator.Deploy.0 = Debug|Any CPU
		{AA11CA83-FED2-42B7-B098-5F91C11FCC5C}.Debug|Any CPU.ActiveCfg = Debug|Any CPU
		{AA11CA83-FED2-42B7-B098-5F91C11FCC5C}.Debug|Any CPU.Build.0 = Debug|Any CPU
		{AA11CA83-FED2-42B7-B098-5F91C11FCC5C}.Debug|Any CPU.Deploy.0 = Debug|Any CPU
		{AA11CA83-FED2-42B7-B098-5F91C11FCC5C}.Debug|iPhone.ActiveCfg = Debug|Any CPU
		{AA11CA83-FED2-42B7-B098-5F91C11FCC5C}.Debug|iPhone.Build.0 = Debug|Any CPU
		{AA11CA83-FED2-42B7-B098-5F91C11FCC5C}.Debug|iPhone.Deploy.0 = Debug|Any CPU
		{AA11CA83-FED2-42B7-B098-5F91C11FCC5C}.Debug|iPhoneSimulator.ActiveCfg = Debug|Any CPU
		{AA11CA83-FED2-42B7-B098-5F91C11FCC5C}.Debug|iPhoneSimulator.Build.0 = Debug|Any CPU
		{AA11CA83-FED2-42B7-B098-5F91C11FCC5C}.Debug|iPhoneSimulator.Deploy.0 = Debug|Any CPU
		{AA11CA83-FED2-42B7-B098-5F91C11FCC5C}.Release|Any CPU.ActiveCfg = Release|Any CPU
		{AA11CA83-FED2-42B7-B098-5F91C11FCC5C}.Release|Any CPU.Build.0 = Release|Any CPU
		{AA11CA83-FED2-42B7-B098-5F91C11FCC5C}.Release|Any CPU.Deploy.0 = Release|Any CPU
		{AA11CA83-FED2-42B7-B098-5F91C11FCC5C}.Release|iPhone.ActiveCfg = Release|Any CPU
		{AA11CA83-FED2-42B7-B098-5F91C11FCC5C}.Release|iPhone.Build.0 = Release|Any CPU
		{AA11CA83-FED2-42B7-B098-5F91C11FCC5C}.Release|iPhone.Deploy.0 = Release|Any CPU
		{AA11CA83-FED2-42B7-B098-5F91C11FCC5C}.Release|iPhoneSimulator.ActiveCfg = Release|Any CPU
		{AA11CA83-FED2-42B7-B098-5F91C11FCC5C}.Release|iPhoneSimulator.Build.0 = Release|Any CPU
		{AA11CA83-FED2-42B7-B098-5F91C11FCC5C}.Release|iPhoneSimulator.Deploy.0 = Release|Any CPU
	EndGlobalSection
	GlobalSection(SolutionProperties) = preSolution
		HideSolutionNode = FALSE
	EndGlobalSection
	GlobalSection(ExtensibilityGlobals) = postSolution
		SolutionGuid = {89D8ED03-65EC-4CD9-8280-B5DB456E78E0}
	EndGlobalSection
	GlobalSection(TeamFoundationVersionControl) = preSolution
		SccNumberOfProjects = 4
		SccEnterpriseProvider = {4CA58AB2-18FA-4F8D-95D4-32DDF27D184C}
		SccTeamFoundationServer = https://biaogege.visualstudio.com/
		SccProjectUniqueName0 = App3\\App3.iOS\\App3.iOS.csproj
		SccProjectName0 = App3/App3.iOS
		SccLocalPath0 = App3\\App3.iOS
		SccLocalPath1 = .
		SccProjectUniqueName2 = App3\\App3.Android\\App3.Android.csproj
		SccProjectName2 = App3/App3.Android
		SccLocalPath2 = App3\\App3.Android
		SccProjectUniqueName3 = App3\\App3\\App3.csproj
		SccProjectName3 = App3/App3
		SccLocalPath3 = App3\\App3
	EndGlobalSection
EndGlobal
